Microsoft Visual Studio Solution File, Format Version 12.00
# Visual Studio Version 17
VisualStudioVersion = 17.5.2.0
MinimumVisualStudioVersion = 10.0.40219.1
Project("{FAE04EC0-301F-11D3-BF4B-00C04F79EFBC}") = "GroceryApp.API", "GroceryApp.API.csproj", "{07619963-0257-B698-0988-CCA6C4A58E2E}"
EndProject
Global
	GlobalSection(SolutionConfigurationPlatforms) = preSolution
		Debug|Any CPU = Debug|Any CPU
		Release|Any CPU = Release|Any CPU
	EndGlobalSection
	GlobalSection(ProjectConfigurationPlatforms) = postSolution
		{07619963-0257-B698-0988-CCA6C4A58E2E}.Debug|Any CPU.ActiveCfg = Debug|Any CPU
		{07619963-0257-B698-0988-CCA6C4A58E2E}.Debug|Any CPU.Build.0 = Debug|Any CPU
		{07619963-0257-B698-0988-CCA6C4A58E2E}.Release|Any CPU.ActiveCfg = Release|Any CPU
		{07619963-0257-B698-0988-CCA6C4A58E2E}.Release|Any CPU.Build.0 = Release|Any CPU
	EndGlobalSection
	GlobalSection(SolutionProperties) = preSolution
		HideSolutionNode = FALSE
	EndGlobalSection
	GlobalSection(ExtensibilityGlobals) = postSolution
		SolutionGuid = {5C1A2FB0-2724-441A-B93F-356DDD14A15A}
	EndGlobalSection
EndGlobal
